# This file is automatically @generated by Cargo.
# It is not intended for manual editing.
version = 4

[[package]]
name = "grapheme_machine"
version = "0.1.0"
dependencies = [
 "u8char",
]

[[package]]
name = "u8char"
version = "0.2.0"
source = "registry+https://github.com/rust-lang/crates.io-index"
checksum = "e34d37eda751029830008f92897fd1f4c35f9a69c48aafb0990630308c6b4b54"
